
Microsoft Visual Studio Solution File, Format Version 11.00
# Visual Studio 2010
Project("{FAE04EC0-301F-11D3-BF4B-00C04F79EFBC}") = "SvnCommiter", "SvnCommiter.csproj", "{429E21EC-FE73-4200-949E-A1A01470E477}"
EndProject
Global
	GlobalSection(SolutionConfigurationPlatforms) = preSolution
		Debug|Any CPU = Debug|Any CPU
		Release|Any CPU = Release|Any CPU
	EndGlobalSection
	GlobalSection(ProjectConfigurationPlatforms) = postSolution
		{429E21EC-FE73-4200-949E-A1A01470E477}.Debug|Any CPU.ActiveCfg = Debug|Any CPU
		{429E21EC-FE73-4200-949E-A1A01470E477}.Debug|Any CPU.Build.0 = Debug|Any CPU
		{429E21EC-FE73-4200-949E-A1A01470E477}.Release|Any CPU.ActiveCfg = Release|Any CPU
		{429E21EC-FE73-4200-949E-A1A01470E477}.Release|Any CPU.Build.0 = Release|Any CPU
	EndGlobalSection
	GlobalSection(SolutionProperties) = preSolution
		HideSolutionNode = FALSE
	EndGlobalSection
EndGlobal
